
Microsoft Visual Studio Solution File, Format Version 12.00
# Visual Studio 2015
Project("{FAE04EC0-301F-11D3-BF4B-00C04F79EFBC}") = "MazeFramework.CSharp", "MazeFramework.CSharp.csproj", "{C299F702-50C7-FC84-C9E3-8CB5A8840150}"
EndProject
Global
	GlobalSection(SolutionConfigurationPlatforms) = preSolution
		Debug|Any CPU = Debug|Any CPU
		Release|Any CPU = Release|Any CPU
	EndGlobalSection
	GlobalSection(ProjectConfigurationPlatforms) = postSolution
		{C299F702-50C7-FC84-C9E3-8CB5A8840150}.Debug|Any CPU.ActiveCfg = Debug|Any CPU
		{C299F702-50C7-FC84-C9E3-8CB5A8840150}.Debug|Any CPU.Build.0 = Debug|Any CPU
		{C299F702-50C7-FC84-C9E3-8CB5A8840150}.Release|Any CPU.ActiveCfg = Release|Any CPU
		{C299F702-50C7-FC84-C9E3-8CB5A8840150}.Release|Any CPU.Build.0 = Release|Any CPU
	EndGlobalSection
	GlobalSection(SolutionProperties) = preSolution
		HideSolutionNode = FALSE
	EndGlobalSection
EndGlobal
